{
    "_readme": [
        "This file locks the dependencies of your project to a known state",
        "Read more about it at https://getcomposer.org/doc/01-basic-usage.md#installing-dependencies",
        "This file is @generated automatically"
    ],
    "content-hash": "53ae87c7a570b3ea710da294f0258c97",
    "packages": [
        {
            "name": "composer/installers",
            "version": "v1.12.0",
            "source": {
                "type": "git",
                "url": "https://github.com/composer/installers.git",
                "reference": "d20a64ed3c94748397ff5973488761b22f6d3f19"
            },
            "dist": {
                "type": "zip",
                "url": "https://api.github.com/repos/composer/installers/zipball/d20a64ed3c94748397ff5973488761b22f6d3f19",
                "reference": "d20a64ed3c94748397ff5973488761b22f6d3f19",
                "shasum": ""
            },
            "require": {
                "composer-plugin-api": "^1.0 || ^2.0"
            },
            "replace": {
                "roundcube/plugin-installer": "*",
                "shama/baton": "*"
            },
            "require-dev": {
                "composer/composer": "1.6.* || ^2.0",
                "composer/semver": "^1 || ^3",
                "phpstan/phpstan": "^0.12.55",
                "phpstan/phpstan-phpunit": "^0.12.16",
                "symfony/phpunit-bridge": "^4.2 || ^5",
                "symfony/process": "^2.3"
            },
            "type": "composer-plugin",
            "extra": {
                "class": "Composer\\Installers\\Plugin",
                "branch-alias": {
                    "dev-main": "1.x-dev"
                }
            },
            "autoload": {
                "psr-4": {
                    "Composer\\Installers\\": "src/Composer/Installers"
                }
            },
            "notification-url": "https://packagist.org/downloads/",
            "license": [
                "MIT"
            ],
            "authors": [
                {
                    "name": "Kyle Robinson Young",
                    "email": "kyle@dontkry.com",
                    "homepage": "https://github.com/shama"
                }
            ],
            "description": "A multi-framework Composer library installer",
            "homepage": "https://composer.github.io/installers/",
            "keywords": [
                "Craft",
                "Dolibarr",
                "Eliasis",
                "Hurad",
                "ImageCMS",
                "Kanboard",
                "Lan Management System",
                "MODX Evo",
                "MantisBT",
                "Mautic",
                "Maya",
                "OXID",
                "Plentymarkets",
                "Porto",
                "RadPHP",
                "SMF",
                "Starbug",
                "Thelia",
                "Whmcs",
                "WolfCMS",
                "agl",
                "aimeos",
                "annotatecms",
                "attogram",
                "bitrix",
                "cakephp",
                "chef",
                "cockpit",
                "codeigniter",
                "concrete5",
                "croogo",
                "dokuwiki",
                "drupal",
                "eZ Platform",
                "elgg",
                "expressionengine",
                "fuelphp",
                "grav",
                "installer",
                "itop",
                "joomla",
                "known",
                "kohana",
                "laravel",
                "lavalite",
                "lithium",
                "magento",
                "majima",
                "mako",
                "mediawiki",
                "miaoxing",
                "modulework",
                "modx",
                "moodle",
                "osclass",
                "pantheon",
                "phpbb",
                "piwik",
                "ppi",
                "processwire",
                "puppet",
                "pxcms",
                "reindex",
                "roundcube",
                "shopware",
                "silverstripe",
                "sydes",
                "sylius",
                "symfony",
                "tastyigniter",
                "typo3",
                "wordpress",
                "yawik",
                "zend",
                "zikula"
            ],
            "support": {
                "issues": "https://github.com/composer/installers/issues",
                "source": "https://github.com/composer/installers/tree/v1.12.0"
            },
            "funding": [
                {
                    "url": "https://packagist.com",
                    "type": "custom"
                },
                {
                    "url": "https://github.com/composer",
                    "type": "github"
                },
                {
                    "url": "https://tidelift.com/funding/github/packagist/composer/composer",
                    "type": "tidelift"
                }
            ],
            "time": "2021-09-13T08:19:44+00:00"
        },
        {
            "name": "hbp/knowledgebase",
            "version": "dev-master",
            "source": {
                "type": "git",
                "url": "https://github.com/saas786/saas-knowledgebase.git",
                "reference": "277c968a3647d7deea669f4bc097bac89fb384e3"
            },
            "dist": {
                "type": "zip",
                "url": "https://api.github.com/repos/saas786/saas-knowledgebase/zipball/277c968a3647d7deea669f4bc097bac89fb384e3",
                "reference": "277c968a3647d7deea669f4bc097bac89fb384e3",
                "shasum": ""
            },
            "require": {
                "composer/installers": "~1.0"
            },
            "default-branch": true,
            "type": "wordpress-plugin",
            "license": [
                "GPL-2.0+"
            ],
            "authors": [
                {
                    "name": "Hybopress Themes",
                    "email": "support@hybopressthemes.com",
                    "homepage": "https://hybopressthemes.com"
                }
            ],
            "description": "A knowledgebase plugin.",
            "homepage": "https://github.com/saas786/knowledegebase",
            "keywords": [
                "knowledgebase",
                "wordpress"
            ],
            "support": {
                "issues": "https://github.com/saas786/knowledegebase/issues",
                "source": "https://github.com/saas786/saas-knowledgebase/tree/master"
            },
            "time": "2024-07-02T15:54:09+00:00"
        },
        {
            "name": "justintadlock/message-board",
            "version": "dev-dev",
            "source": {
                "type": "git",
                "url": "https://github.com/saas786/message-board.git",
                "reference": "5ae2ef2ffeded49b050b87940aee5e708e4ecb15"
            },
            "dist": {
                "type": "zip",
                "url": "https://api.github.com/repos/saas786/message-board/zipball/5ae2ef2ffeded49b050b87940aee5e708e4ecb15",
                "reference": "5ae2ef2ffeded49b050b87940aee5e708e4ecb15",
                "shasum": ""
            },
            "require": {
                "composer/installers": "~1.0"
            },
            "type": "wordpress-plugin",
            "license": [
                "GPL-2.0+"
            ],
            "authors": [
                {
                    "name": "Justin Tadlock",
                    "email": "justin@justintadlock.com",
                    "homepage": "http://justintadlock.com"
                }
            ],
            "description": "A simple WordPress forum plugin for us simple folks.",
            "homepage": "https://github.com/justintadlock/message-board",
            "keywords": [
                "bulletin board",
                "forum",
                "message board",
                "wordpress"
            ],
            "support": {
                "issues": "https://github.com/justintadlock/message-board/issues",
                "forum": "http://themehybrid.com/board/forums/message-board",
                "source": "https://github.com/saas786/message-board/tree/dev"
            },
            "time": "2015-10-18T20:50:07+00:00"
        },
        {
            "name": "lipemat/phpstan-wordpress",
            "version": "4.4.2",
            "source": {
                "type": "git",
                "url": "https://github.com/lipemat/phpstan-wordpress.git",
                "reference": "7c3bbf407a76051b6e5eb4bbcfde61afb311ddfc"
            },
            "dist": {
                "type": "zip",
                "url": "https://api.github.com/repos/lipemat/phpstan-wordpress/zipball/7c3bbf407a76051b6e5eb4bbcfde61afb311ddfc",
                "reference": "7c3bbf407a76051b6e5eb4bbcfde61afb311ddfc",
                "shasum": ""
            },
            "require": {
                "php": ">=8.2",
                "php-stubs/wp-cli-stubs": "^2.11.0",
                "phpstan/extension-installer": "^1.4.3",
                "phpstan/phpstan": "^2.1.32",
                "szepeviktor/phpstan-wordpress": "^2.0.2"
            },
            "require-dev": {
                "phpstan/phpstan-deprecation-rules": "^2.0.3",
                "phpstan/phpstan-strict-rules": "^2.0.4",
                "roave/security-advisories": "dev-latest"
            },
            "type": "phpstan-extension",
            "extra": {
                "phpstan": {
                    "includes": [
                        "extension.neon"
                    ]
                }
            },
            "autoload": {
                "psr-4": {
                    "Lipe\\Lib\\Phpstan\\": "src/"
                }
            },
            "notification-url": "https://packagist.org/downloads/",
            "license": [
                "MIT"
            ],
            "description": "Phpstan extension for working with WordPress",
            "support": {
                "issues": "https://github.com/lipemat/phpstan-wordpress/issues",
                "source": "https://github.com/lipemat/phpstan-wordpress/tree/4.4.2"
            },
            "funding": [
                {
                    "url": "https://github.com/lipemat",
                    "type": "github"
                }
            ],
            "time": "2026-06-02T20:51:10+00:00"
        },
        {
            "name": "php-stubs/gravity-forms-stubs",
            "version": "v2.9.3",
            "source": {
                "type": "git",
                "url": "https://github.com/php-stubs/gravity-forms-stubs.git",
                "reference": "eabedbf99ff023329cffba624356389cf99cd176"
            },
            "dist": {
                "type": "zip",
                "url": "https://api.github.com/repos/php-stubs/gravity-forms-stubs/zipball/eabedbf99ff023329cffba624356389cf99cd176",
                "reference": "eabedbf99ff023329cffba624356389cf99cd176",
                "shasum": ""
            },
            "require": {
                "php-stubs/wordpress-stubs": "^5.3 || ^6.0"
            },
            "require-dev": {
                "php": "~7.1 || ~8.0",
                "php-stubs/generator": "^0.8.0"
            },
            "suggest": {
                "szepeviktor/phpstan-wordpress": "WordPress extensions for PHPStan"
            },
            "type": "library",
            "notification-url": "https://packagist.org/downloads/",
            "license": [
                "MIT"
            ],
            "description": "Gravity Forms function and class declaration stubs for static analysis.",
            "homepage": "https://github.com/php-stubs/gravity-forms-stubs",
            "keywords": [
                "PHPStan",
                "gravity-forms",
                "static analysis",
                "wordpress"
            ],
            "support": {
                "issues": "https://github.com/php-stubs/gravity-forms-stubs/issues",
                "source": "https://github.com/php-stubs/gravity-forms-stubs/tree/v2.9.3"
            },
            "time": "2025-02-21T16:58:14+00:00"
        },
        {
            "name": "php-stubs/woocommerce-stubs",
            "version": "v10.8.0",
            "source": {
                "type": "git",
                "url": "https://github.com/php-stubs/woocommerce-stubs.git",
                "reference": "9d59e65dcabc18153c243cb9acd85fc88ef40589"
            },
            "dist": {
                "type": "zip",
                "url": "https://api.github.com/repos/php-stubs/woocommerce-stubs/zipball/9d59e65dcabc18153c243cb9acd85fc88ef40589",
                "reference": "9d59e65dcabc18153c243cb9acd85fc88ef40589",
                "shasum": ""
            },
            "require": {
                "php-stubs/wordpress-stubs": "^5.3 || ^6.0"
            },
            "require-dev": {
                "php": "~7.1 || ~8.0",
                "php-stubs/generator": "^0.8.0"
            },
            "suggest": {
                "symfony/polyfill-php73": "Symfony polyfill backporting some PHP 7.3+ features to lower PHP versions",
                "szepeviktor/phpstan-wordpress": "WordPress extensions for PHPStan"
            },
            "type": "library",
            "notification-url": "https://packagist.org/downloads/",
            "license": [
                "MIT"
            ],
            "description": "WooCommerce function and class declaration stubs for static analysis.",
            "homepage": "https://github.com/php-stubs/woocommerce-stubs",
            "keywords": [
                "PHPStan",
                "static analysis",
                "woocommerce",
                "wordpress"
            ],
            "support": {
                "issues": "https://github.com/php-stubs/woocommerce-stubs/issues",
                "source": "https://github.com/php-stubs/woocommerce-stubs/tree/v10.8.0"
            },
            "time": "2026-05-27T11:46:50+00:00"
        },
        {
            "name": "php-stubs/wordpress-globals",
            "version": "dev-master",
            "source": {
                "type": "git",
                "url": "https://github.com/php-stubs/wordpress-globals.git",
                "reference": "c6fbfe39d2616fce37bde548dc6fda3708be9735"
            },
            "dist": {
                "type": "zip",
                "url": "https://api.github.com/repos/php-stubs/wordpress-globals/zipball/c6fbfe39d2616fce37bde548dc6fda3708be9735",
                "reference": "c6fbfe39d2616fce37bde548dc6fda3708be9735",
                "shasum": ""
            },
            "require-dev": {
                "php": "~7.1"
            },
            "suggest": {
                "php-stubs/wordpress-stubs": "Up-to-date WordPress function and class declaration stubs",
                "szepeviktor/phpstan-wordpress": "WordPress extensions for PHPStan"
            },
            "default-branch": true,
            "type": "library",
            "notification-url": "https://packagist.org/downloads/",
            "license": [
                "MIT"
            ],
            "description": "Global variables and global constants from WordPress core.",
            "homepage": "https://github.com/php-stubs/wordpress-globals",
            "keywords": [
                "PHPStan",
                "constants",
                "globals",
                "static analysis",
                "wordpress"
            ],
            "support": {
                "issues": "https://github.com/php-stubs/wordpress-globals/issues",
                "source": "https://github.com/php-stubs/wordpress-globals/tree/master"
            },
            "time": "2022-02-09T18:29:47+00:00"
        },
        {
            "name": "php-stubs/wordpress-stubs",
            "version": "v7.0.0",
            "source": {
                "type": "git",
                "url": "https://github.com/php-stubs/wordpress-stubs.git",
                "reference": "d74b963ed4f47303859bf73c741c80f554c83dc6"
            },
            "dist": {
                "type": "zip",
                "url": "https://api.github.com/repos/php-stubs/wordpress-stubs/zipball/d74b963ed4f47303859bf73c741c80f554c83dc6",
                "reference": "d74b963ed4f47303859bf73c741c80f554c83dc6",
                "shasum": ""
            },
            "conflict": {
                "phpdocumentor/reflection-docblock": "5.6.1"
            },
            "require-dev": {
                "dealerdirect/phpcodesniffer-composer-installer": "^1.0",
                "nikic/php-parser": "^5.5",
                "php": "^7.4 || ^8.0",
                "php-stubs/generator": "^0.8.6",
                "phpdocumentor/reflection-docblock": "^6.0",
                "phpstan/phpstan": "^2.1",
                "phpunit/phpunit": "^9.5",
                "symfony/polyfill-php80": "*",
                "szepeviktor/phpcs-psr-12-neutron-hybrid-ruleset": "^1.1.1",
                "wp-coding-standards/wpcs": "3.1.0 as 2.3.0"
            },
            "suggest": {
                "paragonie/sodium_compat": "Pure PHP implementation of libsodium",
                "symfony/polyfill-php80": "Symfony polyfill backporting some PHP 8.0+ features to lower PHP versions",
                "szepeviktor/phpstan-wordpress": "WordPress extensions for PHPStan"
            },
            "type": "library",
            "autoload-dev": {
                "psr-4": {
                    "PhpStubs\\WordPress\\Core\\": "src/"
                },
                "classmap": [
                    "tests/"
                ]
            },
            "scripts": {
                "post-install-cmd": [
                    "@composer --working-dir=source/ update --no-interaction"
                ],
                "post-update-cmd": [
                    "@composer --working-dir=source/ update --no-interaction"
                ],
                "cleanup": [
                    "git status --short --ignored | sed -n -e 's#^!! ##p' | xargs -r rm -vrf"
                ],
                "test": [
                    "@test:phpunit",
                    "@test:phpstan",
                    "@test:cs"
                ],
                "test:cs": [
                    "phpcs"
                ],
                "test:cs:fix": [
                    "phpcbf"
                ],
                "test:phpstan": [
                    "phpstan analyze"
                ],
                "test:phpunit": [
                    "phpunit"
                ]
            },
            "license": [
                "MIT"
            ],
            "description": "WordPress function and class declaration stubs for static analysis.",
            "homepage": "https://github.com/php-stubs/wordpress-stubs",
            "keywords": [
                "phpstan",
                "static analysis",
                "wordpress"
            ],
            "support": {
                "source": "https://github.com/php-stubs/wordpress-stubs/tree/v7.0.0",
                "issues": "https://github.com/php-stubs/wordpress-stubs/issues"
            },
            "time": "2026-05-21T21:41:34+00:00"
        },
        {
            "name": "php-stubs/wp-cli-stubs",
            "version": "v2.12.0",
            "source": {
                "type": "git",
                "url": "https://github.com/php-stubs/wp-cli-stubs.git",
                "reference": "af16401e299a3fd2229bd0fa9a037638a4174a9d"
            },
            "dist": {
                "type": "zip",
                "url": "https://api.github.com/repos/php-stubs/wp-cli-stubs/zipball/af16401e299a3fd2229bd0fa9a037638a4174a9d",
                "reference": "af16401e299a3fd2229bd0fa9a037638a4174a9d",
                "shasum": ""
            },
            "require": {
                "php-stubs/wordpress-stubs": "^4.7 || ^5.0 || ^6.0"
            },
            "require-dev": {
                "php": "~7.3 || ~8.0",
                "php-stubs/generator": "^0.8.0"
            },
            "suggest": {
                "symfony/polyfill-php73": "Symfony polyfill backporting some PHP 7.3+ features to lower PHP versions",
                "szepeviktor/phpstan-wordpress": "WordPress extensions for PHPStan"
            },
            "type": "library",
            "notification-url": "https://packagist.org/downloads/",
            "license": [
                "MIT"
            ],
            "description": "WP-CLI function and class declaration stubs for static analysis.",
            "homepage": "https://github.com/php-stubs/wp-cli-stubs",
            "keywords": [
                "PHPStan",
                "static analysis",
                "wordpress",
                "wp-cli"
            ],
            "support": {
                "issues": "https://github.com/php-stubs/wp-cli-stubs/issues",
                "source": "https://github.com/php-stubs/wp-cli-stubs/tree/v2.12.0"
            },
            "time": "2025-06-10T09:58:05+00:00"
        },
        {
            "name": "phpstan/extension-installer",
            "version": "1.4.3",
            "source": {
                "type": "git",
                "url": "https://github.com/phpstan/extension-installer.git",
                "reference": "85e90b3942d06b2326fba0403ec24fe912372936"
            },
            "dist": {
                "type": "zip",
                "url": "https://api.github.com/repos/phpstan/extension-installer/zipball/85e90b3942d06b2326fba0403ec24fe912372936",
                "reference": "85e90b3942d06b2326fba0403ec24fe912372936",
                "shasum": ""
            },
            "require": {
                "composer-plugin-api": "^2.0",
                "php": "^7.2 || ^8.0",
                "phpstan/phpstan": "^1.9.0 || ^2.0"
            },
            "require-dev": {
                "composer/composer": "^2.0",
                "php-parallel-lint/php-parallel-lint": "^1.2.0",
                "phpstan/phpstan-strict-rules": "^0.11 || ^0.12 || ^1.0"
            },
            "type": "composer-plugin",
            "extra": {
                "class": "PHPStan\\ExtensionInstaller\\Plugin"
            },
            "autoload": {
                "psr-4": {
                    "PHPStan\\ExtensionInstaller\\": "src/"
                }
            },
            "notification-url": "https://packagist.org/downloads/",
            "license": [
                "MIT"
            ],
            "description": "Composer plugin for automatic installation of PHPStan extensions",
            "keywords": [
                "dev",
                "static analysis"
            ],
            "support": {
                "issues": "https://github.com/phpstan/extension-installer/issues",
                "source": "https://github.com/phpstan/extension-installer/tree/1.4.3"
            },
            "time": "2024-09-04T20:21:43+00:00"
        },
        {
            "name": "phpstan/phpstan",
            "version": "2.2.1",
            "dist": {
                "type": "zip",
                "url": "https://api.github.com/repos/phpstan/phpstan/zipball/dea9c8f2d25cc849391042b71e429c1a4bf82660",
                "reference": "dea9c8f2d25cc849391042b71e429c1a4bf82660",
                "shasum": ""
            },
            "require": {
                "php": "^7.4|^8.0"
            },
            "conflict": {
                "phpstan/phpstan-shim": "*"
            },
            "bin": [
                "phpstan",
                "phpstan.phar"
            ],
            "type": "library",
            "autoload": {
                "files": [
                    "bootstrap.php"
                ]
            },
            "notification-url": "https://packagist.org/downloads/",
            "license": [
                "MIT"
            ],
            "authors": [
                {
                    "name": "Ondřej Mirtes"
                },
                {
                    "name": "Markus Staab"
                },
                {
                    "name": "Vincent Langlet"
                }
            ],
            "description": "PHPStan - PHP Static Analysis Tool",
            "keywords": [
                "dev",
                "static analysis"
            ],
            "support": {
                "docs": "https://phpstan.org/user-guide/getting-started",
                "forum": "https://github.com/phpstan/phpstan/discussions",
                "issues": "https://github.com/phpstan/phpstan/issues",
                "security": "https://github.com/phpstan/phpstan/security/policy",
                "source": "https://github.com/phpstan/phpstan-src"
            },
            "funding": [
                {
                    "url": "https://github.com/ondrejmirtes",
                    "type": "github"
                },
                {
                    "url": "https://github.com/phpstan",
                    "type": "github"
                }
            ],
            "time": "2026-05-28T14:44:12+00:00"
        },
        {
            "name": "szepeviktor/phpstan-wordpress",
            "version": "2.x-dev",
            "source": {
                "type": "git",
                "url": "https://github.com/szepeviktor/phpstan-wordpress.git",
                "reference": "84577e2ea1e4c2a95537fe5ea2ac8e18f4ceab1a"
            },
            "dist": {
                "type": "zip",
                "url": "https://api.github.com/repos/szepeviktor/phpstan-wordpress/zipball/84577e2ea1e4c2a95537fe5ea2ac8e18f4ceab1a",
                "reference": "84577e2ea1e4c2a95537fe5ea2ac8e18f4ceab1a",
                "shasum": ""
            },
            "require": {
                "php": "^7.4 || ^8.0",
                "php-stubs/wordpress-stubs": ">=6.6.2",
                "phpstan/phpstan": "^2.0"
            },
            "require-dev": {
                "composer/composer": "^2.1.14",
                "composer/semver": "^3.4",
                "dealerdirect/phpcodesniffer-composer-installer": "^1.0",
                "php-parallel-lint/php-parallel-lint": "^1.1",
                "phpstan/phpstan-strict-rules": "^2.0",
                "phpunit/phpunit": "^9.0",
                "szepeviktor/phpcs-psr-12-neutron-hybrid-ruleset": "^1.0",
                "wp-coding-standards/wpcs": "3.1.0 as 2.3.0"
            },
            "suggest": {
                "swissspidy/phpstan-no-private": "Detect usage of internal core functions, classes and methods"
            },
            "default-branch": true,
            "type": "phpstan-extension",
            "extra": {
                "phpstan": {
                    "includes": [
                        "extension.neon"
                    ]
                }
            },
            "autoload": {
                "psr-4": {
                    "SzepeViktor\\PHPStan\\WordPress\\": "src/"
                }
            },
            "notification-url": "https://packagist.org/downloads/",
            "license": [
                "MIT"
            ],
            "description": "WordPress extensions for PHPStan",
            "keywords": [
                "PHPStan",
                "code analyse",
                "code analysis",
                "static analysis",
                "wordpress"
            ],
            "support": {
                "issues": "https://github.com/szepeviktor/phpstan-wordpress/issues",
                "source": "https://github.com/szepeviktor/phpstan-wordpress/tree/2.x"
            },
            "time": "2026-05-22T16:22:09+00:00"
        },
        {
            "name": "wpackagist-plugin/event-tickets",
            "version": "5.28.3",
            "source": {
                "type": "svn",
                "url": "https://plugins.svn.wordpress.org/event-tickets/",
                "reference": "tags/5.28.3"
            },
            "dist": {
                "type": "zip",
                "url": "https://downloads.wordpress.org/plugin/event-tickets.5.28.3.zip"
            },
            "require": {
                "composer/installers": "^1.0 || ^2.0"
            },
            "type": "wordpress-plugin",
            "homepage": "https://wordpress.org/plugins/event-tickets/"
        },
        {
            "name": "wpackagist-plugin/the-events-calendar",
            "version": "6.16.3",
            "source": {
                "type": "svn",
                "url": "https://plugins.svn.wordpress.org/the-events-calendar/",
                "reference": "tags/6.16.3"
            },
            "dist": {
                "type": "zip",
                "url": "https://downloads.wordpress.org/plugin/the-events-calendar.6.16.3.zip"
            },
            "require": {
                "composer/installers": "^1.0 || ^2.0"
            },
            "type": "wordpress-plugin",
            "homepage": "https://wordpress.org/plugins/the-events-calendar/"
        }
    ],
    "packages-dev": [],
    "aliases": [
        {
            "package": "php-stubs/wordpress-stubs",
            "version": "7.0.0.0",
            "alias": "6.0",
            "alias_normalized": "6.0.0.0"
        }
    ],
    "minimum-stability": "dev",
    "stability-flags": {
        "php-stubs/wordpress-globals": 20,
        "justintadlock/message-board": 20,
        "hbp/knowledgebase": 20
    },
    "prefer-stable": true,
    "prefer-lowest": false,
    "platform": {
        "php": ">=8.2",
        "ext-gettext": "*",
        "ext-hash": "*",
        "ext-json": "*",
        "ext-mbstring": "*",
        "ext-openssl": "*"
    },
    "platform-dev": [],
    "platform-overrides": {
        "php": "8.2"
    },
    "plugin-api-version": "2.3.0"
}
